
Microsoft Visual Studio Solution File, Format Version 12.00
# Visual Studio Version 16
VisualStudioVersion = 16.6.30114.105
MinimumVisualStudioVersion = 10.0.40219.1
Project("{FAE04EC0-301F-11D3-BF4B-00C04F79EFBC}") = "NotionApi", "NotionApi\NotionApi.csproj", "{2EB032CD-366B-4C4E-A7E8-E35AD5B29456}"
EndProject
Project("{FAE04EC0-301F-11D3-BF4B-00C04F79EFBC}") = "NotionApi.Test", "NotionApi.Test\NotionApi.Test.csproj", "{D38053D8-B555-4AE8-9C4C-110830F36ADB}"
EndProject
Project("{FAE04EC0-301F-11D3-BF4B-00C04F79EFBC}") = "NotionVisualizer", "examples\NotionVisualizer\NotionVisualizer.csproj", "{1EF92495-AFDF-4791-A936-0E79B76C709D}"
EndProject
Project("{2150E333-8FDC-42A3-9474-1A3956D46DE8}") = "Examples", "Examples", "{227208E6-3C7A-48F6-AB8D-6E83B549A20E}"
EndProject
Project("{FAE04EC0-301F-11D3-BF4B-00C04F79EFBC}") = "RestUtil", "RestUtil\RestUtil.csproj", "{751AEBF8-4429-4D2D-B413-63A1A48B7C40}"
EndProject
Project("{FAE04EC0-301F-11D3-BF4B-00C04F79EFBC}") = "RestUtil.Test", "RestUtil.Test\RestUtil.Test.csproj", "{5ECC6CCC-59C1-4D34-8402-0973DC6AEA36}"
EndProject
Project("{2150E333-8FDC-42A3-9474-1A3956D46DE8}") = "Test", "Test", "{E9ADB42C-C588-4B95-BE13-79F3259EC519}"
EndProject
Project("{FAE04EC0-301F-11D3-BF4B-00C04F79EFBC}") = "Util", "Util\Util.csproj", "{B12FBD35-4327-4680-8AD4-5F3F6BD05F50}"
EndProject
Project("{FAE04EC0-301F-11D3-BF4B-00C04F79EFBC}") = "Util.Test", "Util.Test\Util.Test.csproj", "{F8BDD00F-5401-42EA-B719-93B2BBB67682}"
EndProject
Project("{2150E333-8FDC-42A3-9474-1A3956D46DE8}") = "General", "General", "{729681E4-2B8B-44EC-B9AE-713B8F5CA25A}"
ProjectSection(SolutionItems) = preProject
	..\README.md = ..\README.md
EndProjectSection
EndProject
Global
	GlobalSection(SolutionConfigurationPlatforms) = preSolution
		Debug|Any CPU = Debug|Any CPU
		Debug|x64 = Debug|x64
		Debug|x86 = Debug|x86
		Release|Any CPU = Release|Any CPU
		Release|x64 = Release|x64
		Release|x86 = Release|x86
	EndGlobalSection
	GlobalSection(SolutionProperties) = preSolution
		HideSolutionNode = FALSE
	EndGlobalSection
	GlobalSection(ProjectConfigurationPlatforms) = postSolution
		{2EB032CD-366B-4C4E-A7E8-E35AD5B29456}.Debug|Any CPU.ActiveCfg = Debug|Any CPU
		{2EB032CD-366B-4C4E-A7E8-E35AD5B29456}.Debug|Any CPU.Build.0 = Debug|Any CPU
		{2EB032CD-366B-4C4E-A7E8-E35AD5B29456}.Debug|x64.ActiveCfg = Debug|Any CPU
		{2EB032CD-366B-4C4E-A7E8-E35AD5B29456}.Debug|x64.Build.0 = Debug|Any CPU
		{2EB032CD-366B-4C4E-A7E8-E35AD5B29456}.Debug|x86.ActiveCfg = Debug|Any CPU
		{2EB032CD-366B-4C4E-A7E8-E35AD5B29456}.Debug|x86.Build.0 = Debug|Any CPU
		{2EB032CD-366B-4C4E-A7E8-E35AD5B29456}.Release|Any CPU.ActiveCfg = Release|Any CPU
		{2EB032CD-366B-4C4E-A7E8-E35AD5B29456}.Release|Any CPU.Build.0 = Release|Any CPU
		{2EB032CD-366B-4C4E-A7E8-E35AD5B29456}.Release|x64.ActiveCfg = Release|Any CPU
		{2EB032CD-366B-4C4E-A7E8-E35AD5B29456}.Release|x64.Build.0 = Release|Any CPU
		{2EB032CD-366B-4C4E-A7E8-E35AD5B29456}.Release|x86.ActiveCfg = Release|Any CPU
		{2EB032CD-366B-4C4E-A7E8-E35AD5B29456}.Release|x86.Build.0 = Release|Any CPU
		{D38053D8-B555-4AE8-9C4C-110830F36ADB}.Debug|Any CPU.ActiveCfg = Debug|Any CPU
		{D38053D8-B555-4AE8-9C4C-110830F36ADB}.Debug|Any CPU.Build.0 = Debug|Any CPU
		{D38053D8-B555-4AE8-9C4C-110830F36ADB}.Debug|x64.ActiveCfg = Debug|Any CPU
		{D38053D8-B555-4AE8-9C4C-110830F36ADB}.Debug|x64.Build.0 = Debug|Any CPU
		{D38053D8-B555-4AE8-9C4C-110830F36ADB}.Debug|x86.ActiveCfg = Debug|Any CPU
		{D38053D8-B555-4AE8-9C4C-110830F36ADB}.Debug|x86.Build.0 = Debug|Any CPU
		{D38053D8-B555-4AE8-9C4C-110830F36ADB}.Release|Any CPU.ActiveCfg = Release|Any CPU
		{D38053D8-B555-4AE8-9C4C-110830F36ADB}.Release|Any CPU.Build.0 = Release|Any CPU
		{D38053D8-B555-4AE8-9C4C-110830F36ADB}.Release|x64.ActiveCfg = Release|Any CPU
		{D38053D8-B555-4AE8-9C4C-110830F36ADB}.Release|x64.Build.0 = Release|Any CPU
		{D38053D8-B555-4AE8-9C4C-110830F36ADB}.Release|x86.ActiveCfg = Release|Any CPU
		{D38053D8-B555-4AE8-9C4C-110830F36ADB}.Release|x86.Build.0 = Release|Any CPU
		{1EF92495-AFDF-4791-A936-0E79B76C709D}.Debug|Any CPU.ActiveCfg = Debug|Any CPU
		{1EF92495-AFDF-4791-A936-0E79B76C709D}.Debug|Any CPU.Build.0 = Debug|Any CPU
		{1EF92495-AFDF-4791-A936-0E79B76C709D}.Debug|x64.ActiveCfg = Debug|Any CPU
		{1EF92495-AFDF-4791-A936-0E79B76C709D}.Debug|x64.Build.0 = Debug|Any CPU
		{1EF92495-AFDF-4791-A936-0E79B76C709D}.Debug|x86.ActiveCfg = Debug|Any CPU
		{1EF92495-AFDF-4791-A936-0E79B76C709D}.Debug|x86.Build.0 = Debug|Any CPU
		{1EF92495-AFDF-4791-A936-0E79B76C709D}.Release|Any CPU.ActiveCfg = Release|Any CPU
		{1EF92495-AFDF-4791-A936-0E79B76C709D}.Release|Any CPU.Build.0 = Release|Any CPU
		{1EF92495-AFDF-4791-A936-0E79B76C709D}.Release|x64.ActiveCfg = Release|Any CPU
		{1EF92495-AFDF-4791-A936-0E79B76C709D}.Release|x64.Build.0 = Release|Any CPU
		{1EF92495-AFDF-4791-A936-0E79B76C709D}.Release|x86.ActiveCfg = Release|Any CPU
		{1EF92495-AFDF-4791-A936-0E79B76C709D}.Release|x86.Build.0 = Release|Any CPU
		{751AEBF8-4429-4D2D-B413-63A1A48B7C40}.Debug|Any CPU.ActiveCfg = Debug|Any CPU
		{751AEBF8-4429-4D2D-B413-63A1A48B7C40}.Debug|Any CPU.Build.0 = Debug|Any CPU
		{751AEBF8-4429-4D2D-B413-63A1A48B7C40}.Debug|x64.ActiveCfg = Debug|Any CPU
		{751AEBF8-4429-4D2D-B413-63A1A48B7C40}.Debug|x64.Build.0 = Debug|Any CPU
		{751AEBF8-4429-4D2D-B413-63A1A48B7C40}.Debug|x86.ActiveCfg = Debug|Any CPU
		{751AEBF8-4429-4D2D-B413-63A1A48B7C40}.Debug|x86.Build.0 = Debug|Any CPU
		{751AEBF8-4429-4D2D-B413-63A1A48B7C40}.Release|Any CPU.ActiveCfg = Release|Any CPU
		{751AEBF8-4429-4D2D-B413-63A1A48B7C40}.Release|Any CPU.Build.0 = Release|Any CPU
		{751AEBF8-4429-4D2D-B413-63A1A48B7C40}.Release|x64.ActiveCfg = Release|Any CPU
		{751AEBF8-4429-4D2D-B413-63A1A48B7C40}.Release|x64.Build.0 = Release|Any CPU
		{751AEBF8-4429-4D2D-B413-63A1A48B7C40}.Release|x86.ActiveCfg = Release|Any CPU
		{751AEBF8-4429-4D2D-B413-63A1A48B7C40}.Release|x86.Build.0 = Release|Any CPU
		{5ECC6CCC-59C1-4D34-8402-0973DC6AEA36}.Debug|Any CPU.ActiveCfg = Debug|Any CPU
		{5ECC6CCC-59C1-4D34-8402-0973DC6AEA36}.Debug|Any CPU.Build.0 = Debug|Any CPU
		{5ECC6CCC-59C1-4D34-8402-0973DC6AEA36}.Debug|x64.ActiveCfg = Debug|Any CPU
		{5ECC6CCC-59C1-4D34-8402-0973DC6AEA36}.Debug|x64.Build.0 = Debug|Any CPU
		{5ECC6CCC-59C1-4D34-8402-0973DC6AEA36}.Debug|x86.ActiveCfg = Debug|Any CPU
		{5ECC6CCC-59C1-4D34-8402-0973DC6AEA36}.Debug|x86.Build.0 = Debug|Any CPU
		{5ECC6CCC-59C1-4D34-8402-0973DC6AEA36}.Release|Any CPU.ActiveCfg = Release|Any CPU
		{5ECC6CCC-59C1-4D34-8402-0973DC6AEA36}.Release|Any CPU.Build.0 = Release|Any CPU
		{5ECC6CCC-59C1-4D34-8402-0973DC6AEA36}.Release|x64.ActiveCfg = Release|Any CPU
		{5ECC6CCC-59C1-4D34-8402-0973DC6AEA36}.Release|x64.Build.0 = Release|Any CPU
		{5ECC6CCC-59C1-4D34-8402-0973DC6AEA36}.Release|x86.ActiveCfg = Release|Any CPU
		{5ECC6CCC-59C1-4D34-8402-0973DC6AEA36}.Release|x86.Build.0 = Release|Any CPU
		{B12FBD35-4327-4680-8AD4-5F3F6BD05F50}.Debug|Any CPU.ActiveCfg = Debug|Any CPU
		{B12FBD35-4327-4680-8AD4-5F3F6BD05F50}.Debug|Any CPU.Build.0 = Debug|Any CPU
		{B12FBD35-4327-4680-8AD4-5F3F6BD05F50}.Debug|x64.ActiveCfg = Debug|Any CPU
		{B12FBD35-4327-4680-8AD4-5F3F6BD05F50}.Debug|x64.Build.0 = Debug|Any CPU
		{B12FBD35-4327-4680-8AD4-5F3F6BD05F50}.Debug|x86.ActiveCfg = Debug|Any CPU
		{B12FBD35-4327-4680-8AD4-5F3F6BD05F50}.Debug|x86.Build.0 = Debug|Any CPU
		{B12FBD35-4327-4680-8AD4-5F3F6BD05F50}.Release|Any CPU.ActiveCfg = Release|Any CPU
		{B12FBD35-4327-4680-8AD4-5F3F6BD05F50}.Release|Any CPU.Build.0 = Release|Any CPU
		{B12FBD35-4327-4680-8AD4-5F3F6BD05F50}.Release|x64.ActiveCfg = Release|Any CPU
		{B12FBD35-4327-4680-8AD4-5F3F6BD05F50}.Release|x64.Build.0 = Release|Any CPU
		{B12FBD35-4327-4680-8AD4-5F3F6BD05F50}.Release|x86.ActiveCfg = Release|Any CPU
		{B12FBD35-4327-4680-8AD4-5F3F6BD05F50}.Release|x86.Build.0 = Release|Any CPU
		{F8BDD00F-5401-42EA-B719-93B2BBB67682}.Debug|Any CPU.ActiveCfg = Debug|Any CPU
		{F8BDD00F-5401-42EA-B719-93B2BBB67682}.Debug|Any CPU.Build.0 = Debug|Any CPU
		{F8BDD00F-5401-42EA-B719-93B2BBB67682}.Debug|x64.ActiveCfg = Debug|Any CPU
		{F8BDD00F-5401-42EA-B719-93B2BBB67682}.Debug|x64.Build.0 = Debug|Any CPU
		{F8BDD00F-5401-42EA-B719-93B2BBB67682}.Debug|x86.ActiveCfg = Debug|Any CPU
		{F8BDD00F-5401-42EA-B719-93B2BBB67682}.Debug|x86.Build.0 = Debug|Any CPU
		{F8BDD00F-5401-42EA-B719-93B2BBB67682}.Release|Any CPU.ActiveCfg = Release|Any CPU
		{F8BDD00F-5401-42EA-B719-93B2BBB67682}.Release|Any CPU.Build.0 = Release|Any CPU
		{F8BDD00F-5401-42EA-B719-93B2BBB67682}.Release|x64.ActiveCfg = Release|Any CPU
		{F8BDD00F-5401-42EA-B719-93B2BBB67682}.Release|x64.Build.0 = Release|Any CPU
		{F8BDD00F-5401-42EA-B719-93B2BBB67682}.Release|x86.ActiveCfg = Release|Any CPU
		{F8BDD00F-5401-42EA-B719-93B2BBB67682}.Release|x86.Build.0 = Release|Any CPU
	EndGlobalSection
	GlobalSection(NestedProjects) = preSolution
		{1EF92495-AFDF-4791-A936-0E79B76C709D} = {227208E6-3C7A-48F6-AB8D-6E83B549A20E}
		{D38053D8-B555-4AE8-9C4C-110830F36ADB} = {E9ADB42C-C588-4B95-BE13-79F3259EC519}
		{5ECC6CCC-59C1-4D34-8402-0973DC6AEA36} = {E9ADB42C-C588-4B95-BE13-79F3259EC519}
		{F8BDD00F-5401-42EA-B719-93B2BBB67682} = {E9ADB42C-C588-4B95-BE13-79F3259EC519}
	EndGlobalSection
EndGlobal
